
Microsoft Visual Studio Solution File, Format Version 12.00
# Visual Studio 15
Project("{FAE04EC0-301F-11D3-BF4B-00C04F79EFBC}") = "HotUpdate", "HotUpdate.csproj", "{D17AB883-34E9-234E-4485-1B2EE1DD93B1}"
EndProject
Project("{FAE04EC0-301F-11D3-BF4B-00C04F79EFBC}") = "Assembly-CSharp", "Assembly-CSharp.csproj", "{CF78C52E-ADF4-A7CC-5FAB-857A673F6B21}"
EndProject
Project("{FAE04EC0-301F-11D3-BF4B-00C04F79EFBC}") = "DOTweenHot", "DOTweenHot.csproj", "{443014C9-402D-7B91-2B78-66AEA77E5BF8}"
EndProject
Project("{FAE04EC0-301F-11D3-BF4B-00C04F79EFBC}") = "Assembly-CSharp-Editor", "Assembly-CSharp-Editor.csproj", "{7B6779AC-CF96-4DB4-493B-87A1D2188547}"
EndProject
Global
	GlobalSection(SolutionConfigurationPlatforms) = preSolution
		Debug|Any CPU = Debug|Any CPU
		Release|Any CPU = Release|Any CPU
	EndGlobalSection
	GlobalSection(ProjectConfigurationPlatforms) = postSolution
		{D17AB883-34E9-234E-4485-1B2EE1DD93B1}.Debug|Any CPU.ActiveCfg = Debug|Any CPU
		{D17AB883-34E9-234E-4485-1B2EE1DD93B1}.Debug|Any CPU.Build.0 = Debug|Any CPU
		{D17AB883-34E9-234E-4485-1B2EE1DD93B1}.Release|Any CPU.ActiveCfg = Release|Any CPU
		{D17AB883-34E9-234E-4485-1B2EE1DD93B1}.Release|Any CPU.Build.0 = Release|Any CPU
		{CF78C52E-ADF4-A7CC-5FAB-857A673F6B21}.Debug|Any CPU.ActiveCfg = Debug|Any CPU
		{CF78C52E-ADF4-A7CC-5FAB-857A673F6B21}.Debug|Any CPU.Build.0 = Debug|Any CPU
		{CF78C52E-ADF4-A7CC-5FAB-857A673F6B21}.Release|Any CPU.ActiveCfg = Release|Any CPU
		{CF78C52E-ADF4-A7CC-5FAB-857A673F6B21}.Release|Any CPU.Build.0 = Release|Any CPU
		{443014C9-402D-7B91-2B78-66AEA77E5BF8}.Debug|Any CPU.ActiveCfg = Debug|Any CPU
		{443014C9-402D-7B91-2B78-66AEA77E5BF8}.Debug|Any CPU.Build.0 = Debug|Any CPU
		{443014C9-402D-7B91-2B78-66AEA77E5BF8}.Release|Any CPU.ActiveCfg = Release|Any CPU
		{443014C9-402D-7B91-2B78-66AEA77E5BF8}.Release|Any CPU.Build.0 = Release|Any CPU
		{7B6779AC-CF96-4DB4-493B-87A1D2188547}.Debug|Any CPU.ActiveCfg = Debug|Any CPU
		{7B6779AC-CF96-4DB4-493B-87A1D2188547}.Debug|Any CPU.Build.0 = Debug|Any CPU
		{7B6779AC-CF96-4DB4-493B-87A1D2188547}.Release|Any CPU.ActiveCfg = Release|Any CPU
		{7B6779AC-CF96-4DB4-493B-87A1D2188547}.Release|Any CPU.Build.0 = Release|Any CPU
	EndGlobalSection
	GlobalSection(SolutionProperties) = preSolution
		HideSolutionNode = FALSE
	EndGlobalSection
EndGlobal
